// !$*UTF8*$!
{
	archiveVersion = 1;
	classes = {
	};
	objectVersion = 50;
	objects = {

/* Begin PBXBuildFile section */
		2AB5F8B82648565F003EA638 /* ViewModel.swift in Sources */ = {isa = PBXBuildFile; fileRef = 2AB5F8B72648565F003EA638 /* ViewModel.swift */; };
		2AB5F8C026486C3C003EA638 /* CatsDataProvider.swift in Sources */ = {isa = PBXBuildFile; fileRef = 2AB5F8BF26486C3C003EA638 /* CatsDataProvider.swift */; };
		2AB5F8C726487811003EA638 /* ViewModelTests.swift in Sources */ = {isa = PBXBuildFile; fileRef = 2AB5F8C626487811003EA638 /* ViewModelTests.swift */; };
		2AB5F8CD2648832F003EA638 /* MokcCatsDataProviderTests.swift in Sources */ = {isa = PBXBuildFile; fileRef = 2AB5F8CC2648832F003EA638 /* MokcCatsDataProviderTests.swift */; };
		9204581D263AAEF300E82F4E /* MockURLProtocol.swift in Sources */ = {isa = PBXBuildFile; fileRef = 9204581C263AAEF300E82F4E /* MockURLProtocol.swift */; };
		92045823263AB0FF00E82F4E /* NetworkRequestWithMockURLSessionTest.swift in Sources */ = {isa = PBXBuildFile; fileRef = 92045822263AB0FF00E82F4E /* NetworkRequestWithMockURLSessionTest.swift */; };
		920E60D326395CC300581F5D /* AppDelegate.swift in Sources */ = {isa = PBXBuildFile; fileRef = 920E60D226395CC300581F5D /* AppDelegate.swift */; };
		920E60D526395CC300581F5D /* SceneDelegate.swift in Sources */ = {isa = PBXBuildFile; fileRef = 920E60D426395CC300581F5D /* SceneDelegate.swift */; };
		920E60D726395CC300581F5D /* ViewController.swift in Sources */ = {isa = PBXBuildFile; fileRef = 920E60D626395CC300581F5D /* ViewController.swift */; };
		920E60DC26395CC400581F5D /* Assets.xcassets in Resources */ = {isa = PBXBuildFile; fileRef = 920E60DB26395CC400581F5D /* Assets.xcassets */; };
		920E60DF26395CC400581F5D /* LaunchScreen.storyboard in Resources */ = {isa = PBXBuildFile; fileRef = 920E60DD26395CC400581F5D /* LaunchScreen.storyboard */; };
		920E60ED26395F4100581F5D /* Protocol.swift in Sources */ = {isa = PBXBuildFile; fileRef = 920E60EC26395F4100581F5D /* Protocol.swift */; };
		920E60F12639600300581F5D /* NetworkRequest.swift in Sources */ = {isa = PBXBuildFile; fileRef = 920E60F02639600300581F5D /* NetworkRequest.swift */; };
		920E60F42639605C00581F5D /* CatModel.swift in Sources */ = {isa = PBXBuildFile; fileRef = 920E60F32639605C00581F5D /* CatModel.swift */; };
		920E610F2639885100581F5D /* NetworkRequestTest.swift in Sources */ = {isa = PBXBuildFile; fileRef = 920E610E2639885100581F5D /* NetworkRequestTest.swift */; };
		920E61232639A74F00581F5D /* CatModelMock.swift in Sources */ = {isa = PBXBuildFile; fileRef = 920E61222639A74F00581F5D /* CatModelMock.swift */; };
/* End PBXBuildFile section */

/* Begin PBXContainerItemProxy section */
		920E61052639880B00581F5D /* PBXContainerItemProxy */ = {
			isa = PBXContainerItemProxy;
			containerPortal = 920E60C726395CC300581F5D /* Project object */;
			proxyType = 1;
			remoteGlobalIDString = 920E60CE26395CC300581F5D;
			remoteInfo = CatUnitTesting;
		};
/* End PBXContainerItemProxy section */

/* Begin PBXFileReference section */
		2AB5F8B72648565F003EA638 /* ViewModel.swift */ = {isa = PBXFileReference; lastKnownFileType = sourcecode.swift; path = ViewModel.swift; sourceTree = "<group>"; };
		2AB5F8BF26486C3C003EA638 /* CatsDataProvider.swift */ = {isa = PBXFileReference; lastKnownFileType = sourcecode.swift; path = CatsDataProvider.swift; sourceTree = "<group>"; };
		2AB5F8C626487811003EA638 /* ViewModelTests.swift */ = {isa = PBXFileReference; lastKnownFileType = sourcecode.swift; path = ViewModelTests.swift; sourceTree = "<group>"; };
		2AB5F8CC2648832F003EA638 /* MokcCatsDataProviderTests.swift */ = {isa = PBXFileReference; lastKnownFileType = sourcecode.swift; path = MokcCatsDataProviderTests.swift; sourceTree = "<group>"; };
		9204581C263AAEF300E82F4E /* MockURLProtocol.swift */ = {isa = PBXFileReference; lastKnownFileType = sourcecode.swift; path = MockURLProtocol.swift; sourceTree = "<group>"; };
		92045822263AB0FF00E82F4E /* NetworkRequestWithMockURLSessionTest.swift */ = {isa = PBXFileReference; lastKnownFileType = sourcecode.swift; path = NetworkRequestWithMockURLSessionTest.swift; sourceTree = "<group>"; };
		920E60CF26395CC300581F5D /* CatUnitTesting.app */ = {isa = PBXFileReference; explicitFileType = wrapper.application; includeInIndex = 0; path = CatUnitTesting.app; sourceTree = BUILT_PRODUCTS_DIR; };
		920E60D226395CC300581F5D /* AppDelegate.swift */ = {isa = PBXFileReference; lastKnownFileType = sourcecode.swift; path = AppDelegate.swift; sourceTree = "<group>"; };
		920E60D426395CC300581F5D /* SceneDelegate.swift */ = {isa = PBXFileReference; lastKnownFileType = sourcecode.swift; path = SceneDelegate.swift; sourceTree = "<group>"; };
		920E60D626395CC300581F5D /* ViewController.swift */ = {isa = PBXFileReference; lastKnownFileType = sourcecode.swift; path = ViewController.swift; sourceTree = "<group>"; };
		920E60DB26395CC400581F5D /* Assets.xcassets */ = {isa = PBXFileReference; lastKnownFileType = folder.assetcatalog; path = Assets.xcassets; sourceTree = "<group>"; };
		920E60DE26395CC400581F5D /* Base */ = {isa = PBXFileReference; lastKnownFileType = file.storyboard; name = Base; path = Base.lproj/LaunchScreen.storyboard; sourceTree = "<group>"; };
		920E60E026395CC400581F5D /* Info.plist */ = {isa = PBXFileReference; lastKnownFileType = text.plist.xml; path = Info.plist; sourceTree = "<group>"; };
		920E60EC26395F4100581F5D /* Protocol.swift */ = {isa = PBXFileReference; lastKnownFileType = sourcecode.swift; path = Protocol.swift; sourceTree = "<group>"; };
		920E60F02639600300581F5D /* NetworkRequest.swift */ = {isa = PBXFileReference; lastKnownFileType = sourcecode.swift; path = NetworkRequest.swift; sourceTree = "<group>"; };
		920E60F32639605C00581F5D /* CatModel.swift */ = {isa = PBXFileReference; lastKnownFileType = sourcecode.swift; path = CatModel.swift; sourceTree = "<group>"; };
		920E61002639880B00581F5D /* CatUnitTestingTests.xctest */ = {isa = PBXFileReference; explicitFileType = wrapper.cfbundle; includeInIndex = 0; path = CatUnitTestingTests.xctest; sourceTree = BUILT_PRODUCTS_DIR; };
		920E61042639880B00581F5D /* Info.plist */ = {isa = PBXFileReference; lastKnownFileType = text.plist.xml; path = Info.plist; sourceTree = "<group>"; };
		920E610E2639885100581F5D /* NetworkRequestTest.swift */ = {isa = PBXFileReference; lastKnownFileType = sourcecode.swift; path = NetworkRequestTest.swift; sourceTree = "<group>"; };
		920E61222639A74F00581F5D /* CatModelMock.swift */ = {isa = PBXFileReference; lastKnownFileType = sourcecode.swift; path = CatModelMock.swift; sourceTree = "<group>"; };
/* End PBXFileReference section */

/* Begin PBXFrameworksBuildPhase section */
		920E60CC26395CC300581F5D /* Frameworks */ = {
			isa = PBXFrameworksBuildPhase;
			buildActionMask = 2147483647;
			files = (
			);
			runOnlyForDeploymentPostprocessing = 0;
		};
		920E60FD2639880B00581F5D /* Frameworks */ = {
			isa = PBXFrameworksBuildPhase;
			buildActionMask = 2147483647;
			files = (
			);
			runOnlyForDeploymentPostprocessing = 0;
		};
/* End PBXFrameworksBuildPhase section */

/* Begin PBXGroup section */
		2AB5F8BB26485A93003EA638 /* Services */ = {
			isa = PBXGroup;
			children = (
				920E60F02639600300581F5D /* NetworkRequest.swift */,
			);
			path = Services;
			sourceTree = "<group>";
		};
		2AB5F8BE26486C23003EA638 /* DataProvider */ = {
			isa = PBXGroup;
			children = (
				2AB5F8BF26486C3C003EA638 /* CatsDataProvider.swift */,
			);
			path = DataProvider;
			sourceTree = "<group>";
		};
		2AB5F8C52648728D003EA638 /* ViewModelTests */ = {
			isa = PBXGroup;
			children = (
				2AB5F8C626487811003EA638 /* ViewModelTests.swift */,
				2AB5F8CC2648832F003EA638 /* MokcCatsDataProviderTests.swift */,
			);
			path = ViewModelTests;
			sourceTree = "<group>";
		};
		92045820263AB09800E82F4E /* Real HTTP Reqeuest */ = {
			isa = PBXGroup;
			children = (
				920E610E2639885100581F5D /* NetworkRequestTest.swift */,
			);
			path = "Real HTTP Reqeuest";
			sourceTree = "<group>";
		};
		92045821263AB0AF00E82F4E /* Mock URLSession Request */ = {
			isa = PBXGroup;
			children = (
				92045822263AB0FF00E82F4E /* NetworkRequestWithMockURLSessionTest.swift */,
				9204581C263AAEF300E82F4E /* MockURLProtocol.swift */,
			);
			path = "Mock URLSession Request";
			sourceTree = "<group>";
		};
		920E60C626395CC300581F5D = {
			isa = PBXGroup;
			children = (
				920E60D126395CC300581F5D /* CatUnitTesting */,
				2AB5F8BE26486C23003EA638 /* DataProvider */,
				2AB5F8BB26485A93003EA638 /* Services */,
				920E61012639880B00581F5D /* CatUnitTestingTests */,
				920E60D026395CC300581F5D /* Products */,
			);
			sourceTree = "<group>";
		};
		920E60D026395CC300581F5D /* Products */ = {
			isa = PBXGroup;
			children = (
				920E60CF26395CC300581F5D /* CatUnitTesting.app */,
				920E61002639880B00581F5D /* CatUnitTestingTests.xctest */,
			);
			name = Products;
			sourceTree = "<group>";
		};
		920E60D126395CC300581F5D /* CatUnitTesting */ = {
			isa = PBXGroup;
			children = (
				920E60D226395CC300581F5D /* AppDelegate.swift */,
				920E60D426395CC300581F5D /* SceneDelegate.swift */,
				920E60EB26395F3100581F5D /* Protocol */,
				920E60EA26395F2000581F5D /* Model */,
				920E60E926395F1900581F5D /* ViewModel */,
				920E60E826395F0F00581F5D /* Controller */,
				920E60DB26395CC400581F5D /* Assets.xcassets */,
				920E60DD26395CC400581F5D /* LaunchScreen.storyboard */,
				920E60E026395CC400581F5D /* Info.plist */,
			);
			path = CatUnitTesting;
			sourceTree = "<group>";
		};
		920E60E826395F0F00581F5D /* Controller */ = {
			isa = PBXGroup;
			children = (
				920E60D626395CC300581F5D /* ViewController.swift */,
			);
			path = Controller;
			sourceTree = "<group>";
		};
		920E60E926395F1900581F5D /* ViewModel */ = {
			isa = PBXGroup;
			children = (
				2AB5F8B72648565F003EA638 /* ViewModel.swift */,
			);
			path = ViewModel;
			sourceTree = "<group>";
		};
		920E60EA26395F2000581F5D /* Model */ = {
			isa = PBXGroup;
			children = (
				920E60F32639605C00581F5D /* CatModel.swift */,
				920E61222639A74F00581F5D /* CatModelMock.swift */,
			);
			path = Model;
			sourceTree = "<group>";
		};
		920E60EB26395F3100581F5D /* Protocol */ = {
			isa = PBXGroup;
			children = (
				920E60EC26395F4100581F5D /* Protocol.swift */,
			);
			path = Protocol;
			sourceTree = "<group>";
		};
		920E61012639880B00581F5D /* CatUnitTestingTests */ = {
			isa = PBXGroup;
			children = (
				2AB5F8C52648728D003EA638 /* ViewModelTests */,
				92045821263AB0AF00E82F4E /* Mock URLSession Request */,
				92045820263AB09800E82F4E /* Real HTTP Reqeuest */,
				920E61042639880B00581F5D /* Info.plist */,
			);
			path = CatUnitTestingTests;
			sourceTree = "<group>";
		};
/* End PBXGroup section */

/* Begin PBXNativeTarget section */
		920E60CE26395CC300581F5D /* CatUnitTesting */ = {
			isa = PBXNativeTarget;
			buildConfigurationList = 920E60E326395CC400581F5D /* Build configuration list for PBXNativeTarget "CatUnitTesting" */;
			buildPhases = (
				920E60CB26395CC300581F5D /* Sources */,
				920E60CC26395CC300581F5D /* Frameworks */,
				920E60CD26395CC300581F5D /* Resources */,
			);
			buildRules = (
			);
			dependencies = (
			);
			name = CatUnitTesting;
			productName = CatUnitTesting;
			productReference = 920E60CF26395CC300581F5D /* CatUnitTesting.app */;
			productType = "com.apple.product-type.application";
		};
		920E60FF2639880B00581F5D /* CatUnitTestingTests */ = {
			isa = PBXNativeTarget;
			buildConfigurationList = 920E61072639880B00581F5D /* Build configuration list for PBXNativeTarget "CatUnitTestingTests" */;
			buildPhases = (
				920E60FC2639880B00581F5D /* Sources */,
				920E60FD2639880B00581F5D /* Frameworks */,
				920E60FE2639880B00581F5D /* Resources */,
			);
			buildRules = (
			);
			dependencies = (
				920E61062639880B00581F5D /* PBXTargetDependency */,
			);
			name = CatUnitTestingTests;
			productName = CatUnitTestingTests;
			productReference = 920E61002639880B00581F5D /* CatUnitTestingTests.xctest */;
			productType = "com.apple.product-type.bundle.unit-test";
		};
/* End PBXNativeTarget section */

/* Begin PBXProject section */
		920E60C726395CC300581F5D /* Project object */ = {
			isa = PBXProject;
			attributes = {
				LastSwiftUpdateCheck = 1240;
				LastUpgradeCheck = 1240;
				TargetAttributes = {
					920E60CE26395CC300581F5D = {
						CreatedOnToolsVersion = 12.4;
					};
					920E60FF2639880B00581F5D = {
						CreatedOnToolsVersion = 12.4;
						LastSwiftMigration = 1240;
						TestTargetID = 920E60CE26395CC300581F5D;
					};
				};
			};
			buildConfigurationList = 920E60CA26395CC300581F5D /* Build configuration list for PBXProject "CatUnitTesting" */;
			compatibilityVersion = "Xcode 9.3";
			developmentRegion = en;
			hasScannedForEncodings = 0;
			knownRegions = (
				en,
				Base,
			);
			mainGroup = 920E60C626395CC300581F5D;
			productRefGroup = 920E60D026395CC300581F5D /* Products */;
			projectDirPath = "";
			projectRoot = "";
			targets = (
				920E60CE26395CC300581F5D /* CatUnitTesting */,
				920E60FF2639880B00581F5D /* CatUnitTestingTests */,
			);
		};
/* End PBXProject section */

/* Begin PBXResourcesBuildPhase section */
		920E60CD26395CC300581F5D /* Resources */ = {
			isa = PBXResourcesBuildPhase;
			buildActionMask = 2147483647;
			files = (
				920E60DF26395CC400581F5D /* LaunchScreen.storyboard in Resources */,
				920E60DC26395CC400581F5D /* Assets.xcassets in Resources */,
			);
			runOnlyForDeploymentPostprocessing = 0;
		};
		920E60FE2639880B00581F5D /* Resources */ = {
			isa = PBXResourcesBuildPhase;
			buildActionMask = 2147483647;
			files = (
			);
			runOnlyForDeploymentPostprocessing = 0;
		};
/* End PBXResourcesBuildPhase section */

/* Begin PBXSourcesBuildPhase section */
		920E60CB26395CC300581F5D /* Sources */ = {
			isa = PBXSourcesBuildPhase;
			buildActionMask = 2147483647;
			files = (
				920E61232639A74F00581F5D /* CatModelMock.swift in Sources */,
				920E60F42639605C00581F5D /* CatModel.swift in Sources */,
				920E60D726395CC300581F5D /* ViewController.swift in Sources */,
				2AB5F8C026486C3C003EA638 /* CatsDataProvider.swift in Sources */,
				920E60D326395CC300581F5D /* AppDelegate.swift in Sources */,
				920E60D526395CC300581F5D /* SceneDelegate.swift in Sources */,
				920E60ED26395F4100581F5D /* Protocol.swift in Sources */,
				2AB5F8B82648565F003EA638 /* ViewModel.swift in Sources */,
				920E60F12639600300581F5D /* NetworkRequest.swift in Sources */,
			);
			runOnlyForDeploymentPostprocessing = 0;
		};
		920E60FC2639880B00581F5D /* Sources */ = {
			isa = PBXSourcesBuildPhase;
			buildActionMask = 2147483647;
			files = (
				920E610F2639885100581F5D /* NetworkRequestTest.swift in Sources */,
				9204581D263AAEF300E82F4E /* MockURLProtocol.swift in Sources */,
				2AB5F8C726487811003EA638 /* ViewModelTests.swift in Sources */,
				2AB5F8CD2648832F003EA638 /* MokcCatsDataProviderTests.swift in Sources */,
				92045823263AB0FF00E82F4E /* NetworkRequestWithMockURLSessionTest.swift in Sources */,
			);
			runOnlyForDeploymentPostprocessing = 0;
		};
/* End PBXSourcesBuildPhase section */

/* Begin PBXTargetDependency section */
		920E61062639880B00581F5D /* PBXTargetDependency */ = {
			isa = PBXTargetDependency;
			target = 920E60CE26395CC300581F5D /* CatUnitTesting */;
			targetProxy = 920E61052639880B00581F5D /* PBXContainerItemProxy */;
		};
/* End PBXTargetDependency section */

/* Begin PBXVariantGroup section */
		920E60DD26395CC400581F5D /* LaunchScreen.storyboard */ = {
			isa = PBXVariantGroup;
			children = (
				920E60DE26395CC400581F5D /* Base */,
			);
			name = LaunchScreen.storyboard;
			sourceTree = "<group>";
		};
/* End PBXVariantGroup section */

/* Begin XCBuildConfiguration section */
		920E60E126395CC400581F5D /* Debug */ = {
			isa = XCBuildConfiguration;
			buildSettings = {
				ALWAYS_SEARCH_USER_PATHS = NO;
				CLANG_ANALYZER_NONNULL = YES;
				CLANG_ANALYZER_NUMBER_OBJECT_CONVERSION = YES_AGGRESSIVE;
				CLANG_CXX_LANGUAGE_STANDARD = "gnu++14";
				CLANG_CXX_LIBRARY = "libc++";
				CLANG_ENABLE_MODULES = YES;
				CLANG_ENABLE_OBJC_ARC = YES;
				CLANG_ENABLE_OBJC_WEAK = YES;
				CLANG_WARN_BLOCK_CAPTURE_AUTORELEASING = YES;
				CLANG_WARN_BOOL_CONVERSION = YES;
				CLANG_WARN_COMMA = YES;
				CLANG_WARN_CONSTANT_CONVERSION = YES;
				CLANG_WARN_DEPRECATED_OBJC_IMPLEMENTATIONS = YES;
				CLANG_WARN_DIRECT_OBJC_ISA_USAGE = YES_ERROR;
				CLANG_WARN_DOCUMENTATION_COMMENTS = YES;
				CLANG_WARN_EMPTY_BODY = YES;
				CLANG_WARN_ENUM_CONVERSION = YES;
				CLANG_WARN_INFINITE_RECURSION = YES;
				CLANG_WARN_INT_CONVERSION = YES;
				CLANG_WARN_NON_LITERAL_NULL_CONVERSION = YES;
				CLANG_WARN_OBJC_IMPLICIT_RETAIN_SELF = YES;
				CLANG_WARN_OBJC_LITERAL_CONVERSION = YES;
				CLANG_WARN_OBJC_ROOT_CLASS = YES_ERROR;
				CLANG_WARN_QUOTED_INCLUDE_IN_FRAMEWORK_HEADER = YES;
				CLANG_WARN_RANGE_LOOP_ANALYSIS = YES;
				CLANG_WARN_STRICT_PROTOTYPES = YES;
				CLANG_WARN_SUSPICIOUS_MOVE = YES;
				CLANG_WARN_UNGUARDED_AVAILABILITY = YES_AGGRESSIVE;
				CLANG_WARN_UNREACHABLE_CODE = YES;
				CLANG_WARN__DUPLICATE_METHOD_MATCH = YES;
				COPY_PHASE_STRIP = NO;
				DEBUG_INFORMATION_FORMAT = dwarf;
				ENABLE_STRICT_OBJC_MSGSEND = YES;
				ENABLE_TESTABILITY = YES;
				GCC_C_LANGUAGE_STANDARD = gnu11;
				GCC_DYNAMIC_NO_PIC = NO;
				GCC_NO_COMMON_BLOCKS = YES;
				GCC_OPTIMIZATION_LEVEL = 0;
				GCC_PREPROCESSOR_DEFINITIONS = (
					"DEBUG=1",
					"$(inherited)",
				);
				GCC_WARN_64_TO_32_BIT_CONVERSION = YES;
				GCC_WARN_ABOUT_RETURN_TYPE = YES_ERROR;
				GCC_WARN_UNDECLARED_SELECTOR = YES;
				GCC_WARN_UNINITIALIZED_AUTOS = YES_AGGRESSIVE;
				GCC_WARN_UNUSED_FUNCTION = YES;
				GCC_WARN_UNUSED_VARIABLE = YES;
				IPHONEOS_DEPLOYMENT_TARGET = 14.4;
				MTL_ENABLE_DEBUG_INFO = INCLUDE_SOURCE;
				MTL_FAST_MATH = YES;
				ONLY_ACTIVE_ARCH = YES;
				SDKROOT = iphoneos;
				SWIFT_ACTIVE_COMPILATION_CONDITIONS = DEBUG;
				SWIFT_OPTIMIZATION_LEVEL = "-Onone";
			};
			name = Debug;
		};
		920E60E226395CC400581F5D /* Release */ = {
			isa = XCBuildConfiguration;
			buildSettings = {
				ALWAYS_SEARCH_USER_PATHS = NO;
				CLANG_ANALYZER_NONNULL = YES;
				CLANG_ANALYZER_NUMBER_OBJECT_CONVERSION = YES_AGGRESSIVE;
				CLANG_CXX_LANGUAGE_STANDARD = "gnu++14";
				CLANG_CXX_LIBRARY = "libc++";
				CLANG_ENABLE_MODULES = YES;
				CLANG_ENABLE_OBJC_ARC = YES;
				CLANG_ENABLE_OBJC_WEAK = YES;
				CLANG_WARN_BLOCK_CAPTURE_AUTORELEASING = YES;
				CLANG_WARN_BOOL_CONVERSION = YES;
				CLANG_WARN_COMMA = YES;
				CLANG_WARN_CONSTANT_CONVERSION = YES;
				CLANG_WARN_DEPRECATED_OBJC_IMPLEMENTATIONS = YES;
				CLANG_WARN_DIRECT_OBJC_ISA_USAGE = YES_ERROR;
				CLANG_WARN_DOCUMENTATION_COMMENTS = YES;
				CLANG_WARN_EMPTY_BODY = YES;
				CLANG_WARN_ENUM_CONVERSION = YES;
				CLANG_WARN_INFINITE_RECURSION = YES;
				CLANG_WARN_INT_CONVERSION = YES;
				CLANG_WARN_NON_LITERAL_NULL_CONVERSION = YES;
				CLANG_WARN_OBJC_IMPLICIT_RETAIN_SELF = YES;
				CLANG_WARN_OBJC_LITERAL_CONVERSION = YES;
				CLANG_WARN_OBJC_ROOT_CLASS = YES_ERROR;
				CLANG_WARN_QUOTED_INCLUDE_IN_FRAMEWORK_HEADER = YES;
				CLANG_WARN_RANGE_LOOP_ANALYSIS = YES;
				CLANG_WARN_STRICT_PROTOTYPES = YES;
				CLANG_WARN_SUSPICIOUS_MOVE = YES;
				CLANG_WARN_UNGUARDED_AVAILABILITY = YES_AGGRESSIVE;
				CLANG_WARN_UNREACHABLE_CODE = YES;
				CLANG_WARN__DUPLICATE_METHOD_MATCH = YES;
				COPY_PHASE_STRIP = NO;
				DEBUG_INFORMATION_FORMAT = "dwarf-with-dsym";
				ENABLE_NS_ASSERTIONS = NO;
				ENABLE_STRICT_OBJC_MSGSEND = YES;
				GCC_C_LANGUAGE_STANDARD = gnu11;
				GCC_NO_COMMON_BLOCKS = YES;
				GCC_WARN_64_TO_32_BIT_CONVERSION = YES;
				GCC_WARN_ABOUT_RETURN_TYPE = YES_ERROR;
				GCC_WARN_UNDECLARED_SELECTOR = YES;
				GCC_WARN_UNINITIALIZED_AUTOS = YES_AGGRESSIVE;
				GCC_WARN_UNUSED_FUNCTION = YES;
				GCC_WARN_UNUSED_VARIABLE = YES;
				IPHONEOS_DEPLOYMENT_TARGET = 14.4;
				MTL_ENABLE_DEBUG_INFO = NO;
				MTL_FAST_MATH = YES;
				SDKROOT = iphoneos;
				SWIFT_COMPILATION_MODE = wholemodule;
				SWIFT_OPTIMIZATION_LEVEL = "-O";
				VALIDATE_PRODUCT = YES;
			};
			name = Release;
		};
		920E60E426395CC400581F5D /* Debug */ = {
			isa = XCBuildConfiguration;
			buildSettings = {
				ASSETCATALOG_COMPILER_APPICON_NAME = AppIcon;
				ASSETCATALOG_COMPILER_GLOBAL_ACCENT_COLOR_NAME = AccentColor;
				CODE_SIGN_STYLE = Automatic;
				DEVELOPMENT_TEAM = M79UR55F3F;
				INFOPLIST_FILE = CatUnitTesting/Info.plist;
				LD_RUNPATH_SEARCH_PATHS = (
					"$(inherited)",
					"@executable_path/Frameworks",
				);
				PRODUCT_BUNDLE_IDENTIFIER = com.niclasjeppsson.CatUnitTesting;
				PRODUCT_NAME = "$(TARGET_NAME)";
				SWIFT_VERSION = 5.0;
				TARGETED_DEVICE_FAMILY = "1,2";
			};
			name = Debug;
		};
		920E60E526395CC400581F5D /* Release */ = {
			isa = XCBuildConfiguration;
			buildSettings = {
				ASSETCATALOG_COMPILER_APPICON_NAME = AppIcon;
				ASSETCATALOG_COMPILER_GLOBAL_ACCENT_COLOR_NAME = AccentColor;
				CODE_SIGN_STYLE = Automatic;
				DEVELOPMENT_TEAM = M79UR55F3F;
				INFOPLIST_FILE = CatUnitTesting/Info.plist;
				LD_RUNPATH_SEARCH_PATHS = (
					"$(inherited)",
					"@executable_path/Frameworks",
				);
				PRODUCT_BUNDLE_IDENTIFIER = com.niclasjeppsson.CatUnitTesting;
				PRODUCT_NAME = "$(TARGET_NAME)";
				SWIFT_VERSION = 5.0;
				TARGETED_DEVICE_FAMILY = "1,2";
			};
			name = Release;
		};
		920E61082639880B00581F5D /* Debug */ = {
			isa = XCBuildConfiguration;
			buildSettings = {
				BUNDLE_LOADER = "$(TEST_HOST)";
				CLANG_ENABLE_MODULES = YES;
				CODE_SIGN_STYLE = Automatic;
				DEVELOPMENT_TEAM = M79UR55F3F;
				INFOPLIST_FILE = CatUnitTestingTests/Info.plist;
				LD_RUNPATH_SEARCH_PATHS = (
					"$(inherited)",
					"@executable_path/Frameworks",
					"@loader_path/Frameworks",
				);
				PRODUCT_BUNDLE_IDENTIFIER = com.niclasjeppsson.CatUnitTestingTests;
				PRODUCT_NAME = "$(TARGET_NAME)";
				SWIFT_OPTIMIZATION_LEVEL = "-Onone";
				SWIFT_VERSION = 5.0;
				TARGETED_DEVICE_FAMILY = "1,2";
				TEST_HOST = "$(BUILT_PRODUCTS_DIR)/CatUnitTesting.app/CatUnitTesting";
			};
			name = Debug;
		};
		920E61092639880B00581F5D /* Release */ = {
			isa = XCBuildConfiguration;
			buildSettings = {
				BUNDLE_LOADER = "$(TEST_HOST)";
				CLANG_ENABLE_MODULES = YES;
				CODE_SIGN_STYLE = Automatic;
				DEVELOPMENT_TEAM = M79UR55F3F;
				INFOPLIST_FILE = CatUnitTestingTests/Info.plist;
				LD_RUNPATH_SEARCH_PATHS = (
					"$(inherited)",
					"@executable_path/Frameworks",
					"@loader_path/Frameworks",
				);
				PRODUCT_BUNDLE_IDENTIFIER = com.niclasjeppsson.CatUnitTestingTests;
				PRODUCT_NAME = "$(TARGET_NAME)";
				SWIFT_VERSION = 5.0;
				TARGETED_DEVICE_FAMILY = "1,2";
				TEST_HOST = "$(BUILT_PRODUCTS_DIR)/CatUnitTesting.app/CatUnitTesting";
			};
			name = Release;
		};
/* End XCBuildConfiguration section */

/* Begin XCConfigurationList section */
		920E60CA26395CC300581F5D /* Build configuration list for PBXProject "CatUnitTesting" */ = {
			isa = XCConfigurationList;
			buildConfigurations = (
				920E60E126395CC400581F5D /* Debug */,
				920E60E226395CC400581F5D /* Release */,
			);
			defaultConfigurationIsVisible = 0;
			defaultConfigurationName = Release;
		};
		920E60E326395CC400581F5D /* Build configuration list for PBXNativeTarget "CatUnitTesting" */ = {
			isa = XCConfigurationList;
			buildConfigurations = (
				920E60E426395CC400581F5D /* Debug */,
				920E60E526395CC400581F5D /* Release */,
			);
			defaultConfigurationIsVisible = 0;
			defaultConfigurationName = Release;
		};
		920E61072639880B00581F5D /* Build configuration list for PBXNativeTarget "CatUnitTestingTests" */ = {
			isa = XCConfigurationList;
			buildConfigurations = (
				920E61082639880B00581F5D /* Debug */,
				920E61092639880B00581F5D /* Release */,
			);
			defaultConfigurationIsVisible = 0;
			defaultConfigurationName = Release;
		};
/* End XCConfigurationList section */
	};
	rootObject = 920E60C726395CC300581F5D /* Project object */;
}
